
Microsoft Visual Studio Solution File, Format Version 12.00
# Visual Studio Version 17
VisualStudioVersion = 17.0.32014.148
MinimumVisualStudioVersion = 10.0.40219.1
Project("{9A19103F-16F7-4668-BE54-9A1E7A4F7556}") = "ORM", "ORM\ORM.csproj", "{4F89A33D-505C-4597-9D6E-278DF93D4B01}"
EndProject
Project("{9A19103F-16F7-4668-BE54-9A1E7A4F7556}") = "Test_ORM", "Test_ORM\Test_ORM.csproj", "{E494F5A6-B263-446E-AEBD-C48240661ECE}"
EndProject
Project("{9A19103F-16F7-4668-BE54-9A1E7A4F7556}") = "TestProjectORM", "TestProjectORM\TestProjectORM.csproj", "{21752485-E686-4447-BD3F-3BB2CA15BADA}"
EndProject
Global
	GlobalSection(SolutionConfigurationPlatforms) = preSolution
		Debug|Any CPU = Debug|Any CPU
		Release|Any CPU = Release|Any CPU
	EndGlobalSection
	GlobalSection(ProjectConfigurationPlatforms) = postSolution
		{4F89A33D-505C-4597-9D6E-278DF93D4B01}.Debug|Any CPU.ActiveCfg = Debug|Any CPU
		{4F89A33D-505C-4597-9D6E-278DF93D4B01}.Debug|Any CPU.Build.0 = Debug|Any CPU
		{4F89A33D-505C-4597-9D6E-278DF93D4B01}.Release|Any CPU.ActiveCfg = Release|Any CPU
		{4F89A33D-505C-4597-9D6E-278DF93D4B01}.Release|Any CPU.Build.0 = Release|Any CPU
		{E494F5A6-B263-446E-AEBD-C48240661ECE}.Debug|Any CPU.ActiveCfg = Debug|Any CPU
		{E494F5A6-B263-446E-AEBD-C48240661ECE}.Debug|Any CPU.Build.0 = Debug|Any CPU
		{E494F5A6-B263-446E-AEBD-C48240661ECE}.Release|Any CPU.ActiveCfg = Release|Any CPU
		{E494F5A6-B263-446E-AEBD-C48240661ECE}.Release|Any CPU.Build.0 = Release|Any CPU
		{21752485-E686-4447-BD3F-3BB2CA15BADA}.Debug|Any CPU.ActiveCfg = Debug|Any CPU
		{21752485-E686-4447-BD3F-3BB2CA15BADA}.Debug|Any CPU.Build.0 = Debug|Any CPU
		{21752485-E686-4447-BD3F-3BB2CA15BADA}.Release|Any CPU.ActiveCfg = Release|Any CPU
		{21752485-E686-4447-BD3F-3BB2CA15BADA}.Release|Any CPU.Build.0 = Release|Any CPU
	EndGlobalSection
	GlobalSection(SolutionProperties) = preSolution
		HideSolutionNode = FALSE
	EndGlobalSection
	GlobalSection(ExtensibilityGlobals) = postSolution
		SolutionGuid = {B911130E-F6BA-4543-AB19-8C840E85308B}
	EndGlobalSection
EndGlobal
